<?xml version="1.0" encoding="utf-8"?>
<Project ToolsVersion="4.0" xmlns="http://schemas.microsoft.com/developer/msbuild/2003">
  <ItemGroup>
    <Filter Include="Source Files">
      <UniqueIdentifier>{4FC737F1-C7A5-4376-A066-2A32D752A2FF}</UniqueIdentifier>
      <Extensions>cpp;c;cc;cxx;c++;cppm;ixx;def;odl;idl;hpj;bat;asm;asmx</Extensions>
    </Filter>
    <Filter Include="Header Files">
      <UniqueIdentifier>{93995380-89BD-4b04-88EB-625FBE52EBFB}</UniqueIdentifier>
      <Extensions>h;hh;hpp;hxx;h++;hm;inl;inc;ipp;xsd</Extensions>
    </Filter>
    <Filter Include="Resource Files">
      <UniqueIdentifier>{67DA6AB6-F800-4c08-8B7A-83BB121AAD01}</UniqueIdentifier>
      <Extensions>rc;ico;cur;bmp;dlg;rc2;rct;bin;rgs;gif;jpg;jpeg;jpe;resx;tiff;tif;png;wav;mfcribbon-ms</Extensions>
    </Filter>
    <Filter Include="Kriteria">
      <UniqueIdentifier>{f25377b1-5e89-4c8a-bb44-f2bbecc39188}</UniqueIdentifier>
    </Filter>
    <Filter Include="Filtre">
      <UniqueIdentifier>{b27fa087-59e7-417a-9086-3453b5527997}</UniqueIdentifier>
    </Filter>
    <Filter Include="structures">
      <UniqueIdentifier>{aeac2a62-8bcf-45bd-ae0e-c5cb18dd660a}</UniqueIdentifier>
    </Filter>
    <Filter Include="structures\_logger">
      <UniqueIdentifier>{31bea3bb-450f-4431-b6f0-9032be24ff93}</UniqueIdentifier>
    </Filter>
    <Filter Include="structures\array">
      <UniqueIdentifier>{6b822202-034a-41e7-a270-9c10886a1873}</UniqueIdentifier>
    </Filter>
    <Filter Include="structures\common">
      <UniqueIdentifier>{595b9320-ca23-463b-b8e3-1c9296034f07}</UniqueIdentifier>
    </Filter>
    <Filter Include="structures\list">
      <UniqueIdentifier>{a6b1ea49-340a-4e17-b3f9-8502b470a3bc}</UniqueIdentifier>
    </Filter>
    <Filter Include="structures\matrix">
      <UniqueIdentifier>{1ffa93c0-4866-4295-8298-a4d6e8c4d163}</UniqueIdentifier>
    </Filter>
    <Filter Include="structures\priority_queue">
      <UniqueIdentifier>{36debe82-a0e1-4e31-b17c-c447e6d7d16e}</UniqueIdentifier>
    </Filter>
    <Filter Include="structures\queue">
      <UniqueIdentifier>{1c12c795-8892-427c-ae43-bee952b9ee2d}</UniqueIdentifier>
    </Filter>
    <Filter Include="structures\stack">
      <UniqueIdentifier>{ac1a45e2-e6d9-4280-a9a2-0adc0385adc7}</UniqueIdentifier>
    </Filter>
    <Filter Include="structures\table">
      <UniqueIdentifier>{1b016447-a333-493d-b74e-f658a391675d}</UniqueIdentifier>
    </Filter>
    <Filter Include="structures\table\sorting">
      <UniqueIdentifier>{4680f479-7868-4497-b014-45b032ab4229}</UniqueIdentifier>
    </Filter>
    <Filter Include="structures\tree">
      <UniqueIdentifier>{2cc956b5-3f2c-49ba-afdd-063d02429f0c}</UniqueIdentifier>
    </Filter>
    <Filter Include="structures\vector">
      <UniqueIdentifier>{818a4667-9497-45b6-bd7a-ef03994735bb}</UniqueIdentifier>
    </Filter>
  </ItemGroup>
  <ItemGroup>
    <ClInclude Include="UzemnaJednotka.h">
      <Filter>Header Files</Filter>
    </ClInclude>
    <ClInclude Include="Kriterium.h">
      <Filter>Kriteria</Filter>
    </ClInclude>
    <ClInclude Include="KriteriumUJ.h">
      <Filter>Kriteria</Filter>
    </ClInclude>
    <ClInclude Include="KriteriumUJPrislusnost.h">
      <Filter>Kriteria</Filter>
    </ClInclude>
    <ClInclude Include="KriteriumUJVzdelaniePocet.h">
      <Filter>Kriteria</Filter>
    </ClInclude>
    <ClInclude Include="KriteriumUJVzdelaniePodiel.h">
      <Filter>Kriteria</Filter>
    </ClInclude>
    <ClInclude Include="KriteriumUJNazov.h">
      <Filter>Kriteria</Filter>
    </ClInclude>
    <ClInclude Include="KriteriumUJTyp.h">
      <Filter>Kriteria</Filter>
    </ClInclude>
    <ClInclude Include="VseobecnyFilter.h">
      <Filter>Filtre</Filter>
    </ClInclude>
    <ClInclude Include="FilterKriterium.h">
      <Filter>Filtre</Filter>
    </ClInclude>
    <ClInclude Include="FilterUJNazov.h">
      <Filter>Filtre</Filter>
    </ClInclude>
    <ClInclude Include="FilterUJPrislusnost.h">
      <Filter>Filtre</Filter>
    </ClInclude>
    <ClInclude Include="FilterUJTyp.h">
      <Filter>Filtre</Filter>
    </ClInclude>
    <ClInclude Include="FilterUJVzdelaniePocet.h">
      <Filter>Filtre</Filter>
    </ClInclude>
    <ClInclude Include="FilterUJVzdelaniePodiel.h">
      <Filter>Filtre</Filter>
    </ClInclude>
    <ClInclude Include="UJenum.h">
      <Filter>Header Files</Filter>
    </ClInclude>
    <ClInclude Include="structures\utils.h">
      <Filter>structures\common</Filter>
    </ClInclude>
    <ClInclude Include="structures\types.h">
      <Filter>structures\common</Filter>
    </ClInclude>
    <ClInclude Include="structures\structure.h">
      <Filter>structures\common</Filter>
    </ClInclude>
    <ClInclude Include="structures\structure_iterator.h">
      <Filter>structures\common</Filter>
    </ClInclude>
    <ClInclude Include="structures\priority_queue\priority_queue_sorted_array_list.h">
      <Filter>structures\priority_queue</Filter>
    </ClInclude>
    <ClInclude Include="structures\priority_queue\priority_queue_unsorted_array_list.h">
      <Filter>structures\priority_queue</Filter>
    </ClInclude>
    <ClInclude Include="structures\priority_queue\priority_queue_two_lists.h">
      <Filter>structures\priority_queue</Filter>
    </ClInclude>
    <ClInclude Include="structures\priority_queue\priority_queue_list.h">
      <Filter>structures\priority_queue</Filter>
    </ClInclude>
    <ClInclude Include="structures\priority_queue\priority_queue_linked_list.h">
      <Filter>structures\priority_queue</Filter>
    </ClInclude>
    <ClInclude Include="structures\priority_queue\priority_queue_limited_sorted_array_list.h">
      <Filter>structures\priority_queue</Filter>
    </ClInclude>
    <ClInclude Include="structures\queue\queue.h">
      <Filter>structures\queue</Filter>
    </ClInclude>
    <ClInclude Include="structures\priority_queue\priority_queue.h">
      <Filter>structures\priority_queue</Filter>
    </ClInclude>
    <ClInclude Include="structures\matrix\matrix.h">
      <Filter>structures\matrix</Filter>
    </ClInclude>
    <ClInclude Include="structures\table\sorting\quick_sort.h">
      <Filter>structures\table\sorting</Filter>
    </ClInclude>
    <ClInclude Include="structures\table\sorting\select_sort.h">
      <Filter>structures\table\sorting</Filter>
    </ClInclude>
    <ClInclude Include="structures\table\sorting\radix_sort.h">
      <Filter>structures\table\sorting</Filter>
    </ClInclude>
    <ClInclude Include="structures\table\sorting\sort.h">
      <Filter>structures\table\sorting</Filter>
    </ClInclude>
    <ClInclude Include="structures\table\sorting\shell_sort.h">
      <Filter>structures\table\sorting</Filter>
    </ClInclude>
    <ClInclude Include="structures\table\sorting\shuffle.h">
      <Filter>structures\table\sorting</Filter>
    </ClInclude>
    <ClInclude Include="structures\_logger\log_file.h">
      <Filter>structures\_logger</Filter>
    </ClInclude>
    <ClInclude Include="structures\_logger\logger.h">
      <Filter>structures\_logger</Filter>
    </ClInclude>
    <ClInclude Include="structures\table\sorted_sequence_table.h">
      <Filter>structures\table</Filter>
    </ClInclude>
    <ClInclude Include="structures\table\sequence_table.h">
      <Filter>structures\table</Filter>
    </ClInclude>
    <ClInclude Include="structures\table\sorting\merge_sort.h">
      <Filter>structures\table\sorting</Filter>
    </ClInclude>
    <ClInclude Include="structures\matrix\incoherent_matrix.h">
      <Filter>structures\matrix</Filter>
    </ClInclude>
    <ClInclude Include="structures\table\sorting\heap_sort.h">
      <Filter>structures\table\sorting</Filter>
    </ClInclude>
    <ClInclude Include="structures\table\hash_table.h">
      <Filter>structures\table</Filter>
    </ClInclude>
    <ClInclude Include="structures\queue\explicit_queue.h">
      <Filter>structures\queue</Filter>
    </ClInclude>
    <ClInclude Include="structures\matrix\coherent_matrix.h">
      <Filter>structures\matrix</Filter>
    </ClInclude>
    <ClInclude Include="structures\array\array.h">
      <Filter>structures\array</Filter>
    </ClInclude>
    <ClInclude Include="structures\table\sorting\bubble_sort.h">
      <Filter>structures\table\sorting</Filter>
    </ClInclude>
    <ClInclude Include="structures\tree\binary_tree.h">
      <Filter>structures\tree</Filter>
    </ClInclude>
    <ClInclude Include="structures\tree\k_way_tree.h">
      <Filter>structures\tree</Filter>
    </ClInclude>
    <ClInclude Include="structures\tree\tree.h">
      <Filter>structures\tree</Filter>
    </ClInclude>
    <ClInclude Include="structures\vector\vector.h">
      <Filter>structures\vector</Filter>
    </ClInclude>
    <ClInclude Include="structures\list\array_list.h">
      <Filter>structures\list</Filter>
    </ClInclude>
    <ClInclude Include="structures\list\double_linked_list.h">
      <Filter>structures\list</Filter>
    </ClInclude>
    <ClInclude Include="structures\list\linked_list.h">
      <Filter>structures\list</Filter>
    </ClInclude>
    <ClInclude Include="structures\tree\multi_way_tree.h">
      <Filter>structures\tree</Filter>
    </ClInclude>
    <ClInclude Include="structures\list\list.h">
      <Filter>structures\list</Filter>
    </ClInclude>
    <ClInclude Include="structures\table\sorting\insert_sort.h">
      <Filter>structures\table\sorting</Filter>
    </ClInclude>
    <ClInclude Include="structures\table\linked_table.h">
      <Filter>structures\table</Filter>
    </ClInclude>
    <ClInclude Include="structures\table\unsorted_sequence_table.h">
      <Filter>structures\table</Filter>
    </ClInclude>
    <ClInclude Include="structures\data_item.h">
      <Filter>structures\common</Filter>
    </ClInclude>
    <ClInclude Include="structures\heap_monitor.h">
      <Filter>structures\common</Filter>
    </ClInclude>
    <ClInclude Include="structures\stack\explicit_stack.h">
      <Filter>structures\stack</Filter>
    </ClInclude>
    <ClInclude Include="structures\stack\implicit_stack.h">
      <Filter>structures\stack</Filter>
    </ClInclude>
    <ClInclude Include="structures\stack\stack.h">
      <Filter>structures\stack</Filter>
    </ClInclude>
    <ClInclude Include="structures\table\table.h">
      <Filter>structures\table</Filter>
    </ClInclude>
    <ClInclude Include="structures\priority_queue\heap.h">
      <Filter>structures\priority_queue</Filter>
    </ClInclude>
    <ClInclude Include="structures\queue\implicit_queue.h">
      <Filter>structures\queue</Filter>
    </ClInclude>
    <ClInclude Include="structures\table\treap.h">
      <Filter>structures\table</Filter>
    </ClInclude>
    <ClInclude Include="structures\table\binary_search_tree.h">
      <Filter>structures\table</Filter>
    </ClInclude>
    <ClInclude Include="NacitanieDat.h">
      <Filter>Header Files</Filter>
    </ClInclude>
    <ClInclude Include="VsetkyUzemneJednotky.h">
      <Filter>Header Files</Filter>
    </ClInclude>
    <ClInclude Include="Filte_fi.h">
      <Filter>Filtre</Filter>
    </ClInclude>
    <ClInclude Include="Filter_FI.h">
      <Filter>Filtre</Filter>
    </ClInclude>
  </ItemGroup>
  <ItemGroup>
    <ClCompile Include="UzemnaJednotka.cpp">
      <Filter>Source Files</Filter>
    </ClCompile>
    <ClCompile Include="main.cpp">
      <Filter>Source Files</Filter>
    </ClCompile>
    <ClCompile Include="structures\_logger\log_file.cpp">
      <Filter>structures\_logger</Filter>
    </ClCompile>
    <ClCompile Include="structures\_logger\logger.cpp">
      <Filter>structures\_logger</Filter>
    </ClCompile>
    <ClCompile Include="structures\utils.cpp">
      <Filter>structures\common</Filter>
    </ClCompile>
    <ClCompile Include="structures\structure.cpp">
      <Filter>structures\common</Filter>
    </ClCompile>
    <ClCompile Include="structures\vector\vector.cpp">
      <Filter>structures\vector</Filter>
    </ClCompile>
    <ClCompile Include="NacitanieDat.cpp">
      <Filter>Source Files</Filter>
    </ClCompile>
    <ClCompile Include="VsetkyUzemneJednotky.cpp">
      <Filter>Source Files</Filter>
    </ClCompile>
  </ItemGroup>
</Project>